Microsoft Visual Studio Solution File, Format Version 12.00
# Visual Studio Version 16
VisualStudioVersion = 16.0.29025.244
MinimumVisualStudioVersion = 10.0.40219.1
Project("{9A19103F-16F7-4668-BE54-9A1E7A4F7556}") = "Mapsui", "Mapsui\Mapsui.csproj", "{D74C052A-C07E-4B37-A898-134218ACA5C9}"
EndProject
Project("{2150E333-8FDC-42A3-9474-1A3956D46DE8}") = "Samples", "Samples", "{969DB691-49FB-4785-98F4-2112CC1BA7C4}"
EndProject
Project("{9A19103F-16F7-4668-BE54-9A1E7A4F7556}") = "Mapsui.Geometries", "Mapsui.Geometries\Mapsui.Geometries.csproj", "{EE55B62D-FFA2-4C24-A4AD-7A47ACE55CE5}"
EndProject
Project("{9A19103F-16F7-4668-BE54-9A1E7A4F7556}") = "Mapsui.Rendering.Skia", "Mapsui.Rendering.Skia\Mapsui.Rendering.Skia.csproj", "{AE632270-38CA-4203-93A5-8612629CD944}"
EndProject
Project("{9A19103F-16F7-4668-BE54-9A1E7A4F7556}") = "Mapsui.UI.Forms", "Mapsui.UI.Forms\Mapsui.UI.Forms.csproj", "{217BCF74-1DA0-4FE5-A907-4A44F1B046FF}"
EndProject
Project("{9A19103F-16F7-4668-BE54-9A1E7A4F7556}") = "Mapsui.Samples.Forms.Shared", "Samples\Mapsui.Samples.Forms.Shared\Mapsui.Samples.Forms.Shared.csproj", "{2F7F3519-EB2F-439F-8628-3ADD24A537E0}"
EndProject
Project("{FAE04EC0-301F-11D3-BF4B-00C04F79EFBC}") = "Mapsui.Samples.Forms.WPF", "Samples\Mapsui.Samples.Forms.WPF\Mapsui.Samples.Forms.WPF.csproj", "{818DE3FA-9F8A-4802-96D0-564497B59B21}"
EndProject
Project("{FAE04EC0-301F-11D3-BF4B-00C04F79EFBC}") = "Mapsui.Samples.Forms.Android", "Samples\Mapsui.Samples.Forms.Android\Mapsui.Samples.Forms.Android.csproj", "{71353A7E-BFA9-4680-A345-EA19BF69F60E}"
EndProject
Project("{9A19103F-16F7-4668-BE54-9A1E7A4F7556}") = "Ratcow.Mapping", "Ratcow.Mapping\Ratcow.Mapping.csproj", "{C65008EE-9F2A-42F2-A3CE-4013DF3E39C0}"
EndProject
Project("{9A19103F-16F7-4668-BE54-9A1E7A4F7556}") = "Ratcow.Mapping.Mapsui", "Ratcow.Mapping.Mapsui\Ratcow.Mapping.Mapsui.csproj", "{AE9B1ED2-858E-4F71-A340-124A4A522E15}"
EndProject
Project("{2150E333-8FDC-42A3-9474-1A3956D46DE8}") = "Stuff", "Stuff", "{20A3779A-F372-4AA3-A53C-45005F9CCCBE}"
	ProjectSection(SolutionItems) = preProject
		Mapsui.Common.props = Mapsui.Common.props
	EndProjectSection
EndProject
Project("{2150E333-8FDC-42A3-9474-1A3956D46DE8}") = "Custom", "Custom", "{7112BFB4-955E-4D4B-8644-0AB75A433F57}"
EndProject
Global
	GlobalSection(SolutionConfigurationPlatforms) = preSolution
		Ad-Hoc|AnyCPU = Ad-Hoc|AnyCPU
		Ad-Hoc|ARM = Ad-Hoc|ARM
		Ad-Hoc|iPhone = Ad-Hoc|iPhone
		Ad-Hoc|iPhoneSimulator = Ad-Hoc|iPhoneSimulator
		Ad-Hoc|x64 = Ad-Hoc|x64
		Ad-Hoc|x86 = Ad-Hoc|x86
		AppStore|AnyCPU = AppStore|AnyCPU
		AppStore|ARM = AppStore|ARM
		AppStore|iPhone = AppStore|iPhone
		AppStore|iPhoneSimulator = AppStore|iPhoneSimulator
		AppStore|x64 = AppStore|x64
		AppStore|x86 = AppStore|x86
		Debug|AnyCPU = Debug|AnyCPU
		Debug|ARM = Debug|ARM
		Debug|iPhone = Debug|iPhone
		Debug|iPhoneSimulator = Debug|iPhoneSimulator
		Debug|x64 = Debug|x64
		Debug|x86 = Debug|x86
		Release|AnyCPU = Release|AnyCPU
		Release|ARM = Release|ARM
		Release|iPhone = Release|iPhone
		Release|iPhoneSimulator = Release|iPhoneSimulator
		Release|x64 = Release|x64
		Release|x86 = Release|x86
	EndGlobalSection
	GlobalSection(ProjectConfigurationPlatforms) = postSolution
		{D74C052A-C07E-4B37-A898-134218ACA5C9}.Ad-Hoc|AnyCPU.ActiveCfg = Release|Any CPU
		{D74C052A-C07E-4B37-A898-134218ACA5C9}.Ad-Hoc|AnyCPU.Build.0 = Release|Any CPU
		{D74C052A-C07E-4B37-A898-134218ACA5C9}.Ad-Hoc|ARM.ActiveCfg = Release|Any CPU
		{D74C052A-C07E-4B37-A898-134218ACA5C9}.Ad-Hoc|ARM.Build.0 = Release|Any CPU
		{D74C052A-C07E-4B37-A898-134218ACA5C9}.Ad-Hoc|iPhone.ActiveCfg = Release|Any CPU
		{D74C052A-C07E-4B37-A898-134218ACA5C9}.Ad-Hoc|iPhone.Build.0 = Release|Any CPU
		{D74C052A-C07E-4B37-A898-134218ACA5C9}.Ad-Hoc|iPhoneSimulator.ActiveCfg = Release|Any CPU
		{D74C052A-C07E-4B37-A898-134218ACA5C9}.Ad-Hoc|iPhoneSimulator.Build.0 = Release|Any CPU
		{D74C052A-C07E-4B37-A898-134218ACA5C9}.Ad-Hoc|x64.ActiveCfg = Release|Any CPU
		{D74C052A-C07E-4B37-A898-134218ACA5C9}.Ad-Hoc|x64.Build.0 = Release|Any CPU
		{D74C052A-C07E-4B37-A898-134218ACA5C9}.Ad-Hoc|x86.ActiveCfg = Release|Any CPU
		{D74C052A-C07E-4B37-A898-134218ACA5C9}.Ad-Hoc|x86.Build.0 = Release|Any CPU
		{D74C052A-C07E-4B37-A898-134218ACA5C9}.AppStore|AnyCPU.ActiveCfg = Release|Any CPU
		{D74C052A-C07E-4B37-A898-134218ACA5C9}.AppStore|AnyCPU.Build.0 = Release|Any CPU
		{D74C052A-C07E-4B37-A898-134218ACA5C9}.AppStore|ARM.ActiveCfg = Release|Any CPU
		{D74C052A-C07E-4B37-A898-134218ACA5C9}.AppStore|ARM.Build.0 = Release|Any CPU
		{D74C052A-C07E-4B37-A898-134218ACA5C9}.AppStore|iPhone.ActiveCfg = Release|Any CPU
		{D74C052A-C07E-4B37-A898-134218ACA5C9}.AppStore|iPhone.Build.0 = Release|Any CPU
		{D74C052A-C07E-4B37-A898-134218ACA5C9}.AppStore|iPhoneSimulator.ActiveCfg = Release|Any CPU
		{D74C052A-C07E-4B37-A898-134218ACA5C9}.AppStore|iPhoneSimulator.Build.0 = Release|Any CPU
		{D74C052A-C07E-4B37-A898-134218ACA5C9}.AppStore|x64.ActiveCfg = Release|Any CPU
		{D74C052A-C07E-4B37-A898-134218ACA5C9}.AppStore|x64.Build.0 = Release|Any CPU
		{D74C052A-C07E-4B37-A898-134218ACA5C9}.AppStore|x86.ActiveCfg = Release|Any CPU
		{D74C052A-C07E-4B37-A898-134218ACA5C9}.AppStore|x86.Build.0 = Release|Any CPU
		{D74C052A-C07E-4B37-A898-134218ACA5C9}.Debug|AnyCPU.ActiveCfg = Debug|Any CPU
		{D74C052A-C07E-4B37-A898-134218ACA5C9}.Debug|AnyCPU.Build.0 = Debug|Any CPU
		{D74C052A-C07E-4B37-A898-134218ACA5C9}.Debug|ARM.ActiveCfg = Debug|Any CPU
		{D74C052A-C07E-4B37-A898-134218ACA5C9}.Debug|ARM.Build.0 = Debug|Any CPU
		{D74C052A-C07E-4B37-A898-134218ACA5C9}.Debug|iPhone.ActiveCfg = Debug|Any CPU
		{D74C052A-C07E-4B37-A898-134218ACA5C9}.Debug|iPhone.Build.0 = Debug|Any CPU
		{D74C052A-C07E-4B37-A898-134218ACA5C9}.Debug|iPhoneSimulator.ActiveCfg = Debug|Any CPU
		{D74C052A-C07E-4B37-A898-134218ACA5C9}.Debug|iPhoneSimulator.Build.0 = Debug|Any CPU
		{D74C052A-C07E-4B37-A898-134218ACA5C9}.Debug|x64.ActiveCfg = Debug|Any CPU
		{D74C052A-C07E-4B37-A898-134218ACA5C9}.Debug|x64.Build.0 = Debug|Any CPU
		{D74C052A-C07E-4B37-A898-134218ACA5C9}.Debug|x86.ActiveCfg = Debug|Any CPU
		{D74C052A-C07E-4B37-A898-134218ACA5C9}.Debug|x86.Build.0 = Debug|Any CPU
		{D74C052A-C07E-4B37-A898-134218ACA5C9}.Release|AnyCPU.ActiveCfg = Release|Any CPU
		{D74C052A-C07E-4B37-A898-134218ACA5C9}.Release|AnyCPU.Build.0 = Release|Any CPU
		{D74C052A-C07E-4B37-A898-134218ACA5C9}.Release|ARM.ActiveCfg = Release|Any CPU
		{D74C052A-C07E-4B37-A898-134218ACA5C9}.Release|ARM.Build.0 = Release|Any CPU
		{D74C052A-C07E-4B37-A898-134218ACA5C9}.Release|iPhone.ActiveCfg = Release|Any CPU
		{D74C052A-C07E-4B37-A898-134218ACA5C9}.Release|iPhone.Build.0 = Release|Any CPU
		{D74C052A-C07E-4B37-A898-134218ACA5C9}.Release|iPhoneSimulator.ActiveCfg = Release|Any CPU
		{D74C052A-C07E-4B37-A898-134218ACA5C9}.Release|iPhoneSimulator.Build.0 = Release|Any CPU
		{D74C052A-C07E-4B37-A898-134218ACA5C9}.Release|x64.ActiveCfg = Release|Any CPU
		{D74C052A-C07E-4B37-A898-134218ACA5C9}.Release|x64.Build.0 = Release|Any CPU
		{D74C052A-C07E-4B37-A898-134218ACA5C9}.Release|x86.ActiveCfg = Release|Any CPU
		{D74C052A-C07E-4B37-A898-134218ACA5C9}.Release|x86.Build.0 = Release|Any CPU
		{EE55B62D-FFA2-4C24-A4AD-7A47ACE55CE5}.Ad-Hoc|AnyCPU.ActiveCfg = Release|Any CPU
		{EE55B62D-FFA2-4C24-A4AD-7A47ACE55CE5}.Ad-Hoc|AnyCPU.Build.0 = Release|Any CPU
		{EE55B62D-FFA2-4C24-A4AD-7A47ACE55CE5}.Ad-Hoc|ARM.ActiveCfg = Release|Any CPU
		{EE55B62D-FFA2-4C24-A4AD-7A47ACE55CE5}.Ad-Hoc|ARM.Build.0 = Release|Any CPU
		{EE55B62D-FFA2-4C24-A4AD-7A47ACE55CE5}.Ad-Hoc|iPhone.ActiveCfg = Release|Any CPU
		{EE55B62D-FFA2-4C24-A4AD-7A47ACE55CE5}.Ad-Hoc|iPhone.Build.0 = Release|Any CPU
		{EE55B62D-FFA2-4C24-A4AD-7A47ACE55CE5}.Ad-Hoc|iPhoneSimulator.ActiveCfg = Release|Any CPU
		{EE55B62D-FFA2-4C24-A4AD-7A47ACE55CE5}.Ad-Hoc|iPhoneSimulator.Build.0 = Release|Any CPU
		{EE55B62D-FFA2-4C24-A4AD-7A47ACE55CE5}.Ad-Hoc|x64.ActiveCfg = Release|Any CPU
		{EE55B62D-FFA2-4C24-A4AD-7A47ACE55CE5}.Ad-Hoc|x64.Build.0 = Release|Any CPU
		{EE55B62D-FFA2-4C24-A4AD-7A47ACE55CE5}.Ad-Hoc|x86.ActiveCfg = Release|Any CPU
		{EE55B62D-FFA2-4C24-A4AD-7A47ACE55CE5}.Ad-Hoc|x86.Build.0 = Release|Any CPU
		{EE55B62D-FFA2-4C24-A4AD-7A47ACE55CE5}.AppStore|AnyCPU.ActiveCfg = Release|Any CPU
		{EE55B62D-FFA2-4C24-A4AD-7A47ACE55CE5}.AppStore|AnyCPU.Build.0 = Release|Any CPU
		{EE55B62D-FFA2-4C24-A4AD-7A47ACE55CE5}.AppStore|ARM.ActiveCfg = Release|Any CPU
		{EE55B62D-FFA2-4C24-A4AD-7A47ACE55CE5}.AppStore|ARM.Build.0 = Release|Any CPU
		{EE55B62D-FFA2-4C24-A4AD-7A47ACE55CE5}.AppStore|iPhone.ActiveCfg = Release|Any CPU
		{EE55B62D-FFA2-4C24-A4AD-7A47ACE55CE5}.AppStore|iPhone.Build.0 = Release|Any CPU
		{EE55B62D-FFA2-4C24-A4AD-7A47ACE55CE5}.AppStore|iPhoneSimulator.ActiveCfg = Release|Any CPU
		{EE55B62D-FFA2-4C24-A4AD-7A47ACE55CE5}.AppStore|iPhoneSimulator.Build.0 = Release|Any CPU
		{EE55B62D-FFA2-4C24-A4AD-7A47ACE55CE5}.AppStore|x64.ActiveCfg = Release|Any CPU
		{EE55B62D-FFA2-4C24-A4AD-7A47ACE55CE5}.AppStore|x64.Build.0 = Release|Any CPU
		{EE55B62D-FFA2-4C24-A4AD-7A47ACE55CE5}.AppStore|x86.ActiveCfg = Release|Any CPU
		{EE55B62D-FFA2-4C24-A4AD-7A47ACE55CE5}.AppStore|x86.Build.0 = Release|Any CPU
		{EE55B62D-FFA2-4C24-A4AD-7A47ACE55CE5}.Debug|AnyCPU.ActiveCfg = Debug|Any CPU
		{EE55B62D-FFA2-4C24-A4AD-7A47ACE55CE5}.Debug|AnyCPU.Build.0 = Debug|Any CPU
		{EE55B62D-FFA2-4C24-A4AD-7A47ACE55CE5}.Debug|ARM.ActiveCfg = Debug|Any CPU
		{EE55B62D-FFA2-4C24-A4AD-7A47ACE55CE5}.Debug|ARM.Build.0 = Debug|Any CPU
		{EE55B62D-FFA2-4C24-A4AD-7A47ACE55CE5}.Debug|iPhone.ActiveCfg = Debug|Any CPU
		{EE55B62D-FFA2-4C24-A4AD-7A47ACE55CE5}.Debug|iPhone.Build.0 = Debug|Any CPU
		{EE55B62D-FFA2-4C24-A4AD-7A47ACE55CE5}.Debug|iPhoneSimulator.ActiveCfg = Debug|Any CPU
		{EE55B62D-FFA2-4C24-A4AD-7A47ACE55CE5}.Debug|iPhoneSimulator.Build.0 = Debug|Any CPU
		{EE55B62D-FFA2-4C24-A4AD-7A47ACE55CE5}.Debug|x64.ActiveCfg = Debug|Any CPU
		{EE55B62D-FFA2-4C24-A4AD-7A47ACE55CE5}.Debug|x64.Build.0 = Debug|Any CPU
		{EE55B62D-FFA2-4C24-A4AD-7A47ACE55CE5}.Debug|x86.ActiveCfg = Debug|Any CPU
		{EE55B62D-FFA2-4C24-A4AD-7A47ACE55CE5}.Debug|x86.Build.0 = Debug|Any CPU
		{EE55B62D-FFA2-4C24-A4AD-7A47ACE55CE5}.Release|AnyCPU.ActiveCfg = Release|Any CPU
		{EE55B62D-FFA2-4C24-A4AD-7A47ACE55CE5}.Release|AnyCPU.Build.0 = Release|Any CPU
		{EE55B62D-FFA2-4C24-A4AD-7A47ACE55CE5}.Release|ARM.ActiveCfg = Release|Any CPU
		{EE55B62D-FFA2-4C24-A4AD-7A47ACE55CE5}.Release|ARM.Build.0 = Release|Any CPU
		{EE55B62D-FFA2-4C24-A4AD-7A47ACE55CE5}.Release|iPhone.ActiveCfg = Release|Any CPU
		{EE55B62D-FFA2-4C24-A4AD-7A47ACE55CE5}.Release|iPhone.Build.0 = Release|Any CPU
		{EE55B62D-FFA2-4C24-A4AD-7A47ACE55CE5}.Release|iPhoneSimulator.ActiveCfg = Release|Any CPU
		{EE55B62D-FFA2-4C24-A4AD-7A47ACE55CE5}.Release|iPhoneSimulator.Build.0 = Release|Any CPU
		{EE55B62D-FFA2-4C24-A4AD-7A47ACE55CE5}.Release|x64.ActiveCfg = Release|Any CPU
		{EE55B62D-FFA2-4C24-A4AD-7A47ACE55CE5}.Release|x64.Build.0 = Release|Any CPU
		{EE55B62D-FFA2-4C24-A4AD-7A47ACE55CE5}.Release|x86.ActiveCfg = Release|Any CPU
		{EE55B62D-FFA2-4C24-A4AD-7A47ACE55CE5}.Release|x86.Build.0 = Release|Any CPU
		{AE632270-38CA-4203-93A5-8612629CD944}.Ad-Hoc|AnyCPU.ActiveCfg = Release|Any CPU
		{AE632270-38CA-4203-93A5-8612629CD944}.Ad-Hoc|AnyCPU.Build.0 = Release|Any CPU
		{AE632270-38CA-4203-93A5-8612629CD944}.Ad-Hoc|ARM.ActiveCfg = Release|Any CPU
		{AE632270-38CA-4203-93A5-8612629CD944}.Ad-Hoc|ARM.Build.0 = Release|Any CPU
		{AE632270-38CA-4203-93A5-8612629CD944}.Ad-Hoc|iPhone.ActiveCfg = Release|Any CPU
		{AE632270-38CA-4203-93A5-8612629CD944}.Ad-Hoc|iPhone.Build.0 = Release|Any CPU
		{AE632270-38CA-4203-93A5-8612629CD944}.Ad-Hoc|iPhoneSimulator.ActiveCfg = Release|Any CPU
		{AE632270-38CA-4203-93A5-8612629CD944}.Ad-Hoc|iPhoneSimulator.Build.0 = Release|Any CPU
		{AE632270-38CA-4203-93A5-8612629CD944}.Ad-Hoc|x64.ActiveCfg = Release|Any CPU
		{AE632270-38CA-4203-93A5-8612629CD944}.Ad-Hoc|x64.Build.0 = Release|Any CPU
		{AE632270-38CA-4203-93A5-8612629CD944}.Ad-Hoc|x86.ActiveCfg = Release|Any CPU
		{AE632270-38CA-4203-93A5-8612629CD944}.Ad-Hoc|x86.Build.0 = Release|Any CPU
		{AE632270-38CA-4203-93A5-8612629CD944}.AppStore|AnyCPU.ActiveCfg = Release|Any CPU
		{AE632270-38CA-4203-93A5-8612629CD944}.AppStore|AnyCPU.Build.0 = Release|Any CPU
		{AE632270-38CA-4203-93A5-8612629CD944}.AppStore|ARM.ActiveCfg = Release|Any CPU
		{AE632270-38CA-4203-93A5-8612629CD944}.AppStore|ARM.Build.0 = Release|Any CPU
		{AE632270-38CA-4203-93A5-8612629CD944}.AppStore|iPhone.ActiveCfg = Release|Any CPU
		{AE632270-38CA-4203-93A5-8612629CD944}.AppStore|iPhone.Build.0 = Release|Any CPU
		{AE632270-38CA-4203-93A5-8612629CD944}.AppStore|iPhoneSimulator.ActiveCfg = Release|Any CPU
		{AE632270-38CA-4203-93A5-8612629CD944}.AppStore|iPhoneSimulator.Build.0 = Release|Any CPU
		{AE632270-38CA-4203-93A5-8612629CD944}.AppStore|x64.ActiveCfg = Release|Any CPU
		{AE632270-38CA-4203-93A5-8612629CD944}.AppStore|x64.Build.0 = Release|Any CPU
		{AE632270-38CA-4203-93A5-8612629CD944}.AppStore|x86.ActiveCfg = Release|Any CPU
		{AE632270-38CA-4203-93A5-8612629CD944}.AppStore|x86.Build.0 = Release|Any CPU
		{AE632270-38CA-4203-93A5-8612629CD944}.Debug|AnyCPU.ActiveCfg = Debug|Any CPU
		{AE632270-38CA-4203-93A5-8612629CD944}.Debug|AnyCPU.Build.0 = Debug|Any CPU
		{AE632270-38CA-4203-93A5-8612629CD944}.Debug|ARM.ActiveCfg = Debug|Any CPU
		{AE632270-38CA-4203-93A5-8612629CD944}.Debug|ARM.Build.0 = Debug|Any CPU
		{AE632270-38CA-4203-93A5-8612629CD944}.Debug|iPhone.ActiveCfg = Debug|Any CPU
		{AE632270-38CA-4203-93A5-8612629CD944}.Debug|iPhone.Build.0 = Debug|Any CPU
		{AE632270-38CA-4203-93A5-8612629CD944}.Debug|iPhoneSimulator.ActiveCfg = Debug|Any CPU
		{AE632270-38CA-4203-93A5-8612629CD944}.Debug|iPhoneSimulator.Build.0 = Debug|Any CPU
		{AE632270-38CA-4203-93A5-8612629CD944}.Debug|x64.ActiveCfg = Debug|Any CPU
		{AE632270-38CA-4203-93A5-8612629CD944}.Debug|x64.Build.0 = Debug|Any CPU
		{AE632270-38CA-4203-93A5-8612629CD944}.Debug|x86.ActiveCfg = Debug|Any CPU
		{AE632270-38CA-4203-93A5-8612629CD944}.Debug|x86.Build.0 = Debug|Any CPU
		{AE632270-38CA-4203-93A5-8612629CD944}.Release|AnyCPU.ActiveCfg = Release|Any CPU
		{AE632270-38CA-4203-93A5-8612629CD944}.Release|AnyCPU.Build.0 = Release|Any CPU
		{AE632270-38CA-4203-93A5-8612629CD944}.Release|ARM.ActiveCfg = Release|Any CPU
		{AE632270-38CA-4203-93A5-8612629CD944}.Release|ARM.Build.0 = Release|Any CPU
		{AE632270-38CA-4203-93A5-8612629CD944}.Release|iPhone.ActiveCfg = Release|Any CPU
		{AE632270-38CA-4203-93A5-8612629CD944}.Release|iPhone.Build.0 = Release|Any CPU
		{AE632270-38CA-4203-93A5-8612629CD944}.Release|iPhoneSimulator.ActiveCfg = Release|Any CPU
		{AE632270-38CA-4203-93A5-8612629CD944}.Release|iPhoneSimulator.Build.0 = Release|Any CPU
		{AE632270-38CA-4203-93A5-8612629CD944}.Release|x64.ActiveCfg = Release|Any CPU
		{AE632270-38CA-4203-93A5-8612629CD944}.Release|x64.Build.0 = Release|Any CPU
		{AE632270-38CA-4203-93A5-8612629CD944}.Release|x86.ActiveCfg = Release|Any CPU
		{AE632270-38CA-4203-93A5-8612629CD944}.Release|x86.Build.0 = Release|Any CPU
		{217BCF74-1DA0-4FE5-A907-4A44F1B046FF}.Ad-Hoc|AnyCPU.ActiveCfg = Debug|Any CPU
		{217BCF74-1DA0-4FE5-A907-4A44F1B046FF}.Ad-Hoc|AnyCPU.Build.0 = Debug|Any CPU
		{217BCF74-1DA0-4FE5-A907-4A44F1B046FF}.Ad-Hoc|ARM.ActiveCfg = Debug|Any CPU
		{217BCF74-1DA0-4FE5-A907-4A44F1B046FF}.Ad-Hoc|ARM.Build.0 = Debug|Any CPU
		{217BCF74-1DA0-4FE5-A907-4A44F1B046FF}.Ad-Hoc|iPhone.ActiveCfg = Debug|Any CPU
		{217BCF74-1DA0-4FE5-A907-4A44F1B046FF}.Ad-Hoc|iPhone.Build.0 = Debug|Any CPU
		{217BCF74-1DA0-4FE5-A907-4A44F1B046FF}.Ad-Hoc|iPhoneSimulator.ActiveCfg = Debug|Any CPU
		{217BCF74-1DA0-4FE5-A907-4A44F1B046FF}.Ad-Hoc|iPhoneSimulator.Build.0 = Debug|Any CPU
		{217BCF74-1DA0-4FE5-A907-4A44F1B046FF}.Ad-Hoc|x64.ActiveCfg = Debug|Any CPU
		{217BCF74-1DA0-4FE5-A907-4A44F1B046FF}.Ad-Hoc|x64.Build.0 = Debug|Any CPU
		{217BCF74-1DA0-4FE5-A907-4A44F1B046FF}.Ad-Hoc|x86.ActiveCfg = Debug|Any CPU
		{217BCF74-1DA0-4FE5-A907-4A44F1B046FF}.Ad-Hoc|x86.Build.0 = Debug|Any CPU
		{217BCF74-1DA0-4FE5-A907-4A44F1B046FF}.AppStore|AnyCPU.ActiveCfg = Debug|Any CPU
		{217BCF74-1DA0-4FE5-A907-4A44F1B046FF}.AppStore|AnyCPU.Build.0 = Debug|Any CPU
		{217BCF74-1DA0-4FE5-A907-4A44F1B046FF}.AppStore|ARM.ActiveCfg = Debug|Any CPU
		{217BCF74-1DA0-4FE5-A907-4A44F1B046FF}.AppStore|ARM.Build.0 = Debug|Any CPU
		{217BCF74-1DA0-4FE5-A907-4A44F1B046FF}.AppStore|iPhone.ActiveCfg = Debug|Any CPU
		{217BCF74-1DA0-4FE5-A907-4A44F1B046FF}.AppStore|iPhone.Build.0 = Debug|Any CPU
		{217BCF74-1DA0-4FE5-A907-4A44F1B046FF}.AppStore|iPhoneSimulator.ActiveCfg = Debug|Any CPU
		{217BCF74-1DA0-4FE5-A907-4A44F1B046FF}.AppStore|iPhoneSimulator.Build.0 = Debug|Any CPU
		{217BCF74-1DA0-4FE5-A907-4A44F1B046FF}.AppStore|x64.ActiveCfg = Debug|Any CPU
		{217BCF74-1DA0-4FE5-A907-4A44F1B046FF}.AppStore|x64.Build.0 = Debug|Any CPU
		{217BCF74-1DA0-4FE5-A907-4A44F1B046FF}.AppStore|x86.ActiveCfg = Debug|Any CPU
		{217BCF74-1DA0-4FE5-A907-4A44F1B046FF}.AppStore|x86.Build.0 = Debug|Any CPU
		{217BCF74-1DA0-4FE5-A907-4A44F1B046FF}.Debug|AnyCPU.ActiveCfg = Debug|Any CPU
		{217BCF74-1DA0-4FE5-A907-4A44F1B046FF}.Debug|AnyCPU.Build.0 = Debug|Any CPU
		{217BCF74-1DA0-4FE5-A907-4A44F1B046FF}.Debug|ARM.ActiveCfg = Debug|Any CPU
		{217BCF74-1DA0-4FE5-A907-4A44F1B046FF}.Debug|ARM.Build.0 = Debug|Any CPU
		{217BCF74-1DA0-4FE5-A907-4A44F1B046FF}.Debug|iPhone.ActiveCfg = Debug|Any CPU
		{217BCF74-1DA0-4FE5-A907-4A44F1B046FF}.Debug|iPhone.Build.0 = Debug|Any CPU
		{217BCF74-1DA0-4FE5-A907-4A44F1B046FF}.Debug|iPhoneSimulator.ActiveCfg = Debug|Any CPU
		{217BCF74-1DA0-4FE5-A907-4A44F1B046FF}.Debug|iPhoneSimulator.Build.0 = Debug|Any CPU
		{217BCF74-1DA0-4FE5-A907-4A44F1B046FF}.Debug|x64.ActiveCfg = Debug|Any CPU
		{217BCF74-1DA0-4FE5-A907-4A44F1B046FF}.Debug|x64.Build.0 = Debug|Any CPU
		{217BCF74-1DA0-4FE5-A907-4A44F1B046FF}.Debug|x86.ActiveCfg = Debug|Any CPU
		{217BCF74-1DA0-4FE5-A907-4A44F1B046FF}.Debug|x86.Build.0 = Debug|Any CPU
		{217BCF74-1DA0-4FE5-A907-4A44F1B046FF}.Release|AnyCPU.ActiveCfg = Release|Any CPU
		{217BCF74-1DA0-4FE5-A907-4A44F1B046FF}.Release|AnyCPU.Build.0 = Release|Any CPU
		{217BCF74-1DA0-4FE5-A907-4A44F1B046FF}.Release|ARM.ActiveCfg = Release|Any CPU
		{217BCF74-1DA0-4FE5-A907-4A44F1B046FF}.Release|ARM.Build.0 = Release|Any CPU
		{217BCF74-1DA0-4FE5-A907-4A44F1B046FF}.Release|iPhone.ActiveCfg = Release|Any CPU
		{217BCF74-1DA0-4FE5-A907-4A44F1B046FF}.Release|iPhone.Build.0 = Release|Any CPU
		{217BCF74-1DA0-4FE5-A907-4A44F1B046FF}.Release|iPhoneSimulator.ActiveCfg = Release|Any CPU
		{217BCF74-1DA0-4FE5-A907-4A44F1B046FF}.Release|iPhoneSimulator.Build.0 = Release|Any CPU
		{217BCF74-1DA0-4FE5-A907-4A44F1B046FF}.Release|x64.ActiveCfg = Release|Any CPU
		{217BCF74-1DA0-4FE5-A907-4A44F1B046FF}.Release|x64.Build.0 = Release|Any CPU
		{217BCF74-1DA0-4FE5-A907-4A44F1B046FF}.Release|x86.ActiveCfg = Release|Any CPU
		{217BCF74-1DA0-4FE5-A907-4A44F1B046FF}.Release|x86.Build.0 = Release|Any CPU
		{2F7F3519-EB2F-439F-8628-3ADD24A537E0}.Ad-Hoc|AnyCPU.ActiveCfg = Debug|Any CPU
		{2F7F3519-EB2F-439F-8628-3ADD24A537E0}.Ad-Hoc|AnyCPU.Build.0 = Debug|Any CPU
		{2F7F3519-EB2F-439F-8628-3ADD24A537E0}.Ad-Hoc|ARM.ActiveCfg = Debug|Any CPU
		{2F7F3519-EB2F-439F-8628-3ADD24A537E0}.Ad-Hoc|ARM.Build.0 = Debug|Any CPU
		{2F7F3519-EB2F-439F-8628-3ADD24A537E0}.Ad-Hoc|iPhone.ActiveCfg = Debug|Any CPU
		{2F7F3519-EB2F-439F-8628-3ADD24A537E0}.Ad-Hoc|iPhone.Build.0 = Debug|Any CPU
		{2F7F3519-EB2F-439F-8628-3ADD24A537E0}.Ad-Hoc|iPhoneSimulator.ActiveCfg = Debug|Any CPU
		{2F7F3519-EB2F-439F-8628-3ADD24A537E0}.Ad-Hoc|iPhoneSimulator.Build.0 = Debug|Any CPU
		{2F7F3519-EB2F-439F-8628-3ADD24A537E0}.Ad-Hoc|x64.ActiveCfg = Debug|Any CPU
		{2F7F3519-EB2F-439F-8628-3ADD24A537E0}.Ad-Hoc|x64.Build.0 = Debug|Any CPU
		{2F7F3519-EB2F-439F-8628-3ADD24A537E0}.Ad-Hoc|x86.ActiveCfg = Debug|Any CPU
		{2F7F3519-EB2F-439F-8628-3ADD24A537E0}.Ad-Hoc|x86.Build.0 = Debug|Any CPU
		{2F7F3519-EB2F-439F-8628-3ADD24A537E0}.AppStore|AnyCPU.ActiveCfg = Debug|Any CPU
		{2F7F3519-EB2F-439F-8628-3ADD24A537E0}.AppStore|AnyCPU.Build.0 = Debug|Any CPU
		{2F7F3519-EB2F-439F-8628-3ADD24A537E0}.AppStore|ARM.ActiveCfg = Debug|Any CPU
		{2F7F3519-EB2F-439F-8628-3ADD24A537E0}.AppStore|ARM.Build.0 = Debug|Any CPU
		{2F7F3519-EB2F-439F-8628-3ADD24A537E0}.AppStore|iPhone.ActiveCfg = Debug|Any CPU
		{2F7F3519-EB2F-439F-8628-3ADD24A537E0}.AppStore|iPhone.Build.0 = Debug|Any CPU
		{2F7F3519-EB2F-439F-8628-3ADD24A537E0}.AppStore|iPhoneSimulator.ActiveCfg = Debug|Any CPU
		{2F7F3519-EB2F-439F-8628-3ADD24A537E0}.AppStore|iPhoneSimulator.Build.0 = Debug|Any CPU
		{2F7F3519-EB2F-439F-8628-3ADD24A537E0}.AppStore|x64.ActiveCfg = Debug|Any CPU
		{2F7F3519-EB2F-439F-8628-3ADD24A537E0}.AppStore|x64.Build.0 = Debug|Any CPU
		{2F7F3519-EB2F-439F-8628-3ADD24A537E0}.AppStore|x86.ActiveCfg = Debug|Any CPU
		{2F7F3519-EB2F-439F-8628-3ADD24A537E0}.AppStore|x86.Build.0 = Debug|Any CPU
		{2F7F3519-EB2F-439F-8628-3ADD24A537E0}.Debug|AnyCPU.ActiveCfg = Debug|Any CPU
		{2F7F3519-EB2F-439F-8628-3ADD24A537E0}.Debug|AnyCPU.Build.0 = Debug|Any CPU
		{2F7F3519-EB2F-439F-8628-3ADD24A537E0}.Debug|ARM.ActiveCfg = Debug|Any CPU
		{2F7F3519-EB2F-439F-8628-3ADD24A537E0}.Debug|ARM.Build.0 = Debug|Any CPU
		{2F7F3519-EB2F-439F-8628-3ADD24A537E0}.Debug|iPhone.ActiveCfg = Debug|Any CPU
		{2F7F3519-EB2F-439F-8628-3ADD24A537E0}.Debug|iPhone.Build.0 = Debug|Any CPU
		{2F7F3519-EB2F-439F-8628-3ADD24A537E0}.Debug|iPhoneSimulator.ActiveCfg = Debug|Any CPU
		{2F7F3519-EB2F-439F-8628-3ADD24A537E0}.Debug|iPhoneSimulator.Build.0 = Debug|Any CPU
		{2F7F3519-EB2F-439F-8628-3ADD24A537E0}.Debug|x64.ActiveCfg = Debug|Any CPU
		{2F7F3519-EB2F-439F-8628-3ADD24A537E0}.Debug|x64.Build.0 = Debug|Any CPU
		{2F7F3519-EB2F-439F-8628-3ADD24A537E0}.Debug|x86.ActiveCfg = Debug|Any CPU
		{2F7F3519-EB2F-439F-8628-3ADD24A537E0}.Debug|x86.Build.0 = Debug|Any CPU
		{2F7F3519-EB2F-439F-8628-3ADD24A537E0}.Release|AnyCPU.ActiveCfg = Release|Any CPU
		{2F7F3519-EB2F-439F-8628-3ADD24A537E0}.Release|AnyCPU.Build.0 = Release|Any CPU
		{2F7F3519-EB2F-439F-8628-3ADD24A537E0}.Release|ARM.ActiveCfg = Release|Any CPU
		{2F7F3519-EB2F-439F-8628-3ADD24A537E0}.Release|ARM.Build.0 = Release|Any CPU
		{2F7F3519-EB2F-439F-8628-3ADD24A537E0}.Release|iPhone.ActiveCfg = Release|Any CPU
		{2F7F3519-EB2F-439F-8628-3ADD24A537E0}.Release|iPhone.Build.0 = Release|Any CPU
		{2F7F3519-EB2F-439F-8628-3ADD24A537E0}.Release|iPhoneSimulator.ActiveCfg = Release|Any CPU
		{2F7F3519-EB2F-439F-8628-3ADD24A537E0}.Release|iPhoneSimulator.Build.0 = Release|Any CPU
		{2F7F3519-EB2F-439F-8628-3ADD24A537E0}.Release|x64.ActiveCfg = Release|Any CPU
		{2F7F3519-EB2F-439F-8628-3ADD24A537E0}.Release|x64.Build.0 = Release|Any CPU
		{2F7F3519-EB2F-439F-8628-3ADD24A537E0}.Release|x86.ActiveCfg = Release|Any CPU
		{2F7F3519-EB2F-439F-8628-3ADD24A537E0}.Release|x86.Build.0 = Release|Any CPU
		{818DE3FA-9F8A-4802-96D0-564497B59B21}.Ad-Hoc|AnyCPU.ActiveCfg = Debug|Any CPU
		{818DE3FA-9F8A-4802-96D0-564497B59B21}.Ad-Hoc|AnyCPU.Build.0 = Debug|Any CPU
		{818DE3FA-9F8A-4802-96D0-564497B59B21}.Ad-Hoc|ARM.ActiveCfg = Debug|Any CPU
		{818DE3FA-9F8A-4802-96D0-564497B59B21}.Ad-Hoc|ARM.Build.0 = Debug|Any CPU
		{818DE3FA-9F8A-4802-96D0-564497B59B21}.Ad-Hoc|iPhone.ActiveCfg = Debug|Any CPU
		{818DE3FA-9F8A-4802-96D0-564497B59B21}.Ad-Hoc|iPhone.Build.0 = Debug|Any CPU
		{818DE3FA-9F8A-4802-96D0-564497B59B21}.Ad-Hoc|iPhoneSimulator.ActiveCfg = Debug|Any CPU
		{818DE3FA-9F8A-4802-96D0-564497B59B21}.Ad-Hoc|iPhoneSimulator.Build.0 = Debug|Any CPU
		{818DE3FA-9F8A-4802-96D0-564497B59B21}.Ad-Hoc|x64.ActiveCfg = Debug|Any CPU
		{818DE3FA-9F8A-4802-96D0-564497B59B21}.Ad-Hoc|x64.Build.0 = Debug|Any CPU
		{818DE3FA-9F8A-4802-96D0-564497B59B21}.Ad-Hoc|x86.ActiveCfg = Debug|Any CPU
		{818DE3FA-9F8A-4802-96D0-564497B59B21}.Ad-Hoc|x86.Build.0 = Debug|Any CPU
		{818DE3FA-9F8A-4802-96D0-564497B59B21}.AppStore|AnyCPU.ActiveCfg = Debug|Any CPU
		{818DE3FA-9F8A-4802-96D0-564497B59B21}.AppStore|AnyCPU.Build.0 = Debug|Any CPU
		{818DE3FA-9F8A-4802-96D0-564497B59B21}.AppStore|ARM.ActiveCfg = Debug|Any CPU
		{818DE3FA-9F8A-4802-96D0-564497B59B21}.AppStore|ARM.Build.0 = Debug|Any CPU
		{818DE3FA-9F8A-4802-96D0-564497B59B21}.AppStore|iPhone.ActiveCfg = Debug|Any CPU
		{818DE3FA-9F8A-4802-96D0-564497B59B21}.AppStore|iPhone.Build.0 = Debug|Any CPU
		{818DE3FA-9F8A-4802-96D0-564497B59B21}.AppStore|iPhoneSimulator.ActiveCfg = Debug|Any CPU
		{818DE3FA-9F8A-4802-96D0-564497B59B21}.AppStore|iPhoneSimulator.Build.0 = Debug|Any CPU
		{818DE3FA-9F8A-4802-96D0-564497B59B21}.AppStore|x64.ActiveCfg = Debug|Any CPU
		{818DE3FA-9F8A-4802-96D0-564497B59B21}.AppStore|x64.Build.0 = Debug|Any CPU
		{818DE3FA-9F8A-4802-96D0-564497B59B21}.AppStore|x86.ActiveCfg = Debug|Any CPU
		{818DE3FA-9F8A-4802-96D0-564497B59B21}.AppStore|x86.Build.0 = Debug|Any CPU
		{818DE3FA-9F8A-4802-96D0-564497B59B21}.Debug|AnyCPU.ActiveCfg = Debug|Any CPU
		{818DE3FA-9F8A-4802-96D0-564497B59B21}.Debug|AnyCPU.Build.0 = Debug|Any CPU
		{818DE3FA-9F8A-4802-96D0-564497B59B21}.Debug|ARM.ActiveCfg = Debug|Any CPU
		{818DE3FA-9F8A-4802-96D0-564497B59B21}.Debug|ARM.Build.0 = Debug|Any CPU
		{818DE3FA-9F8A-4802-96D0-564497B59B21}.Debug|iPhone.ActiveCfg = Debug|Any CPU
		{818DE3FA-9F8A-4802-96D0-564497B59B21}.Debug|iPhone.Build.0 = Debug|Any CPU
		{818DE3FA-9F8A-4802-96D0-564497B59B21}.Debug|iPhoneSimulator.ActiveCfg = Debug|Any CPU
		{818DE3FA-9F8A-4802-96D0-564497B59B21}.Debug|iPhoneSimulator.Build.0 = Debug|Any CPU
		{818DE3FA-9F8A-4802-96D0-564497B59B21}.Debug|x64.ActiveCfg = Debug|Any CPU
		{818DE3FA-9F8A-4802-96D0-564497B59B21}.Debug|x64.Build.0 = Debug|Any CPU
		{818DE3FA-9F8A-4802-96D0-564497B59B21}.Debug|x86.ActiveCfg = Debug|Any CPU
		{818DE3FA-9F8A-4802-96D0-564497B59B21}.Debug|x86.Build.0 = Debug|Any CPU
		{818DE3FA-9F8A-4802-96D0-564497B59B21}.Release|AnyCPU.ActiveCfg = Release|Any CPU
		{818DE3FA-9F8A-4802-96D0-564497B59B21}.Release|AnyCPU.Build.0 = Release|Any CPU
		{818DE3FA-9F8A-4802-96D0-564497B59B21}.Release|ARM.ActiveCfg = Release|Any CPU
		{818DE3FA-9F8A-4802-96D0-564497B59B21}.Release|ARM.Build.0 = Release|Any CPU
		{818DE3FA-9F8A-4802-96D0-564497B59B21}.Release|iPhone.ActiveCfg = Release|Any CPU
		{818DE3FA-9F8A-4802-96D0-564497B59B21}.Release|iPhone.Build.0 = Release|Any CPU
		{818DE3FA-9F8A-4802-96D0-564497B59B21}.Release|iPhoneSimulator.ActiveCfg = Release|Any CPU
		{818DE3FA-9F8A-4802-96D0-564497B59B21}.Release|iPhoneSimulator.Build.0 = Release|Any CPU
		{818DE3FA-9F8A-4802-96D0-564497B59B21}.Release|x64.ActiveCfg = Release|Any CPU
		{818DE3FA-9F8A-4802-96D0-564497B59B21}.Release|x64.Build.0 = Release|Any CPU
		{818DE3FA-9F8A-4802-96D0-564497B59B21}.Release|x86.ActiveCfg = Release|Any CPU
		{818DE3FA-9F8A-4802-96D0-564497B59B21}.Release|x86.Build.0 = Release|Any CPU
		{71353A7E-BFA9-4680-A345-EA19BF69F60E}.Ad-Hoc|AnyCPU.ActiveCfg = Debug|Any CPU
		{71353A7E-BFA9-4680-A345-EA19BF69F60E}.Ad-Hoc|AnyCPU.Build.0 = Debug|Any CPU
		{71353A7E-BFA9-4680-A345-EA19BF69F60E}.Ad-Hoc|AnyCPU.Deploy.0 = Debug|Any CPU
		{71353A7E-BFA9-4680-A345-EA19BF69F60E}.Ad-Hoc|ARM.ActiveCfg = Debug|Any CPU
		{71353A7E-BFA9-4680-A345-EA19BF69F60E}.Ad-Hoc|ARM.Build.0 = Debug|Any CPU
		{71353A7E-BFA9-4680-A345-EA19BF69F60E}.Ad-Hoc|ARM.Deploy.0 = Debug|Any CPU
		{71353A7E-BFA9-4680-A345-EA19BF69F60E}.Ad-Hoc|iPhone.ActiveCfg = Debug|Any CPU
		{71353A7E-BFA9-4680-A345-EA19BF69F60E}.Ad-Hoc|iPhone.Build.0 = Debug|Any CPU
		{71353A7E-BFA9-4680-A345-EA19BF69F60E}.Ad-Hoc|iPhone.Deploy.0 = Debug|Any CPU
		{71353A7E-BFA9-4680-A345-EA19BF69F60E}.Ad-Hoc|iPhoneSimulator.ActiveCfg = Debug|Any CPU
		{71353A7E-BFA9-4680-A345-EA19BF69F60E}.Ad-Hoc|iPhoneSimulator.Build.0 = Debug|Any CPU
		{71353A7E-BFA9-4680-A345-EA19BF69F60E}.Ad-Hoc|iPhoneSimulator.Deploy.0 = Debug|Any CPU
		{71353A7E-BFA9-4680-A345-EA19BF69F60E}.Ad-Hoc|x64.ActiveCfg = Debug|Any CPU
		{71353A7E-BFA9-4680-A345-EA19BF69F60E}.Ad-Hoc|x64.Build.0 = Debug|Any CPU
		{71353A7E-BFA9-4680-A345-EA19BF69F60E}.Ad-Hoc|x64.Deploy.0 = Debug|Any CPU
		{71353A7E-BFA9-4680-A345-EA19BF69F60E}.Ad-Hoc|x86.ActiveCfg = Debug|Any CPU
		{71353A7E-BFA9-4680-A345-EA19BF69F60E}.Ad-Hoc|x86.Build.0 = Debug|Any CPU
		{71353A7E-BFA9-4680-A345-EA19BF69F60E}.Ad-Hoc|x86.Deploy.0 = Debug|Any CPU
		{71353A7E-BFA9-4680-A345-EA19BF69F60E}.AppStore|AnyCPU.ActiveCfg = Debug|Any CPU
		{71353A7E-BFA9-4680-A345-EA19BF69F60E}.AppStore|AnyCPU.Build.0 = Debug|Any CPU
		{71353A7E-BFA9-4680-A345-EA19BF69F60E}.AppStore|AnyCPU.Deploy.0 = Debug|Any CPU
		{71353A7E-BFA9-4680-A345-EA19BF69F60E}.AppStore|ARM.ActiveCfg = Debug|Any CPU
		{71353A7E-BFA9-4680-A345-EA19BF69F60E}.AppStore|ARM.Build.0 = Debug|Any CPU
		{71353A7E-BFA9-4680-A345-EA19BF69F60E}.AppStore|ARM.Deploy.0 = Debug|Any CPU
		{71353A7E-BFA9-4680-A345-EA19BF69F60E}.AppStore|iPhone.ActiveCfg = Debug|Any CPU
		{71353A7E-BFA9-4680-A345-EA19BF69F60E}.AppStore|iPhone.Build.0 = Debug|Any CPU
		{71353A7E-BFA9-4680-A345-EA19BF69F60E}.AppStore|iPhone.Deploy.0 = Debug|Any CPU
		{71353A7E-BFA9-4680-A345-EA19BF69F60E}.AppStore|iPhoneSimulator.ActiveCfg = Debug|Any CPU
		{71353A7E-BFA9-4680-A345-EA19BF69F60E}.AppStore|iPhoneSimulator.Build.0 = Debug|Any CPU
		{71353A7E-BFA9-4680-A345-EA19BF69F60E}.AppStore|iPhoneSimulator.Deploy.0 = Debug|Any CPU
		{71353A7E-BFA9-4680-A345-EA19BF69F60E}.AppStore|x64.ActiveCfg = Debug|Any CPU
		{71353A7E-BFA9-4680-A345-EA19BF69F60E}.AppStore|x64.Build.0 = Debug|Any CPU
		{71353A7E-BFA9-4680-A345-EA19BF69F60E}.AppStore|x64.Deploy.0 = Debug|Any CPU
		{71353A7E-BFA9-4680-A345-EA19BF69F60E}.AppStore|x86.ActiveCfg = Debug|Any CPU
		{71353A7E-BFA9-4680-A345-EA19BF69F60E}.AppStore|x86.Build.0 = Debug|Any CPU
		{71353A7E-BFA9-4680-A345-EA19BF69F60E}.AppStore|x86.Deploy.0 = Debug|Any CPU
		{71353A7E-BFA9-4680-A345-EA19BF69F60E}.Debug|AnyCPU.ActiveCfg = Debug|Any CPU
		{71353A7E-BFA9-4680-A345-EA19BF69F60E}.Debug|AnyCPU.Build.0 = Debug|Any CPU
		{71353A7E-BFA9-4680-A345-EA19BF69F60E}.Debug|AnyCPU.Deploy.0 = Debug|Any CPU
		{71353A7E-BFA9-4680-A345-EA19BF69F60E}.Debug|ARM.ActiveCfg = Debug|Any CPU
		{71353A7E-BFA9-4680-A345-EA19BF69F60E}.Debug|ARM.Build.0 = Debug|Any CPU
		{71353A7E-BFA9-4680-A345-EA19BF69F60E}.Debug|ARM.Deploy.0 = Debug|Any CPU
		{71353A7E-BFA9-4680-A345-EA19BF69F60E}.Debug|iPhone.ActiveCfg = Debug|Any CPU
		{71353A7E-BFA9-4680-A345-EA19BF69F60E}.Debug|iPhone.Build.0 = Debug|Any CPU
		{71353A7E-BFA9-4680-A345-EA19BF69F60E}.Debug|iPhone.Deploy.0 = Debug|Any CPU
		{71353A7E-BFA9-4680-A345-EA19BF69F60E}.Debug|iPhoneSimulator.ActiveCfg = Debug|Any CPU
		{71353A7E-BFA9-4680-A345-EA19BF69F60E}.Debug|iPhoneSimulator.Build.0 = Debug|Any CPU
		{71353A7E-BFA9-4680-A345-EA19BF69F60E}.Debug|iPhoneSimulator.Deploy.0 = Debug|Any CPU
		{71353A7E-BFA9-4680-A345-EA19BF69F60E}.Debug|x64.ActiveCfg = Debug|Any CPU
		{71353A7E-BFA9-4680-A345-EA19BF69F60E}.Debug|x64.Build.0 = Debug|Any CPU
		{71353A7E-BFA9-4680-A345-EA19BF69F60E}.Debug|x64.Deploy.0 = Debug|Any CPU
		{71353A7E-BFA9-4680-A345-EA19BF69F60E}.Debug|x86.ActiveCfg = Debug|Any CPU
		{71353A7E-BFA9-4680-A345-EA19BF69F60E}.Debug|x86.Build.0 = Debug|Any CPU
		{71353A7E-BFA9-4680-A345-EA19BF69F60E}.Debug|x86.Deploy.0 = Debug|Any CPU
		{71353A7E-BFA9-4680-A345-EA19BF69F60E}.Release|AnyCPU.ActiveCfg = Release|Any CPU
		{71353A7E-BFA9-4680-A345-EA19BF69F60E}.Release|AnyCPU.Build.0 = Release|Any CPU
		{71353A7E-BFA9-4680-A345-EA19BF69F60E}.Release|AnyCPU.Deploy.0 = Release|Any CPU
		{71353A7E-BFA9-4680-A345-EA19BF69F60E}.Release|ARM.ActiveCfg = Release|Any CPU
		{71353A7E-BFA9-4680-A345-EA19BF69F60E}.Release|ARM.Build.0 = Release|Any CPU
		{71353A7E-BFA9-4680-A345-EA19BF69F60E}.Release|ARM.Deploy.0 = Release|Any CPU
		{71353A7E-BFA9-4680-A345-EA19BF69F60E}.Release|iPhone.ActiveCfg = Release|Any CPU
		{71353A7E-BFA9-4680-A345-EA19BF69F60E}.Release|iPhone.Build.0 = Release|Any CPU
		{71353A7E-BFA9-4680-A345-EA19BF69F60E}.Release|iPhone.Deploy.0 = Release|Any CPU
		{71353A7E-BFA9-4680-A345-EA19BF69F60E}.Release|iPhoneSimulator.ActiveCfg = Release|Any CPU
		{71353A7E-BFA9-4680-A345-EA19BF69F60E}.Release|iPhoneSimulator.Build.0 = Release|Any CPU
		{71353A7E-BFA9-4680-A345-EA19BF69F60E}.Release|iPhoneSimulator.Deploy.0 = Release|Any CPU
		{71353A7E-BFA9-4680-A345-EA19BF69F60E}.Release|x64.ActiveCfg = Release|Any CPU
		{71353A7E-BFA9-4680-A345-EA19BF69F60E}.Release|x64.Build.0 = Release|Any CPU
		{71353A7E-BFA9-4680-A345-EA19BF69F60E}.Release|x64.Deploy.0 = Release|Any CPU
		{71353A7E-BFA9-4680-A345-EA19BF69F60E}.Release|x86.ActiveCfg = Release|Any CPU
		{71353A7E-BFA9-4680-A345-EA19BF69F60E}.Release|x86.Build.0 = Release|Any CPU
		{71353A7E-BFA9-4680-A345-EA19BF69F60E}.Release|x86.Deploy.0 = Release|Any CPU
		{C65008EE-9F2A-42F2-A3CE-4013DF3E39C0}.Ad-Hoc|AnyCPU.ActiveCfg = Debug|Any CPU
		{C65008EE-9F2A-42F2-A3CE-4013DF3E39C0}.Ad-Hoc|AnyCPU.Build.0 = Debug|Any CPU
		{C65008EE-9F2A-42F2-A3CE-4013DF3E39C0}.Ad-Hoc|ARM.ActiveCfg = Debug|Any CPU
		{C65008EE-9F2A-42F2-A3CE-4013DF3E39C0}.Ad-Hoc|ARM.Build.0 = Debug|Any CPU
		{C65008EE-9F2A-42F2-A3CE-4013DF3E39C0}.Ad-Hoc|iPhone.ActiveCfg = Debug|Any CPU
		{C65008EE-9F2A-42F2-A3CE-4013DF3E39C0}.Ad-Hoc|iPhone.Build.0 = Debug|Any CPU
		{C65008EE-9F2A-42F2-A3CE-4013DF3E39C0}.Ad-Hoc|iPhoneSimulator.ActiveCfg = Debug|Any CPU
		{C65008EE-9F2A-42F2-A3CE-4013DF3E39C0}.Ad-Hoc|iPhoneSimulator.Build.0 = Debug|Any CPU
		{C65008EE-9F2A-42F2-A3CE-4013DF3E39C0}.Ad-Hoc|x64.ActiveCfg = Debug|Any CPU
		{C65008EE-9F2A-42F2-A3CE-4013DF3E39C0}.Ad-Hoc|x64.Build.0 = Debug|Any CPU
		{C65008EE-9F2A-42F2-A3CE-4013DF3E39C0}.Ad-Hoc|x86.ActiveCfg = Debug|Any CPU
		{C65008EE-9F2A-42F2-A3CE-4013DF3E39C0}.Ad-Hoc|x86.Build.0 = Debug|Any CPU
		{C65008EE-9F2A-42F2-A3CE-4013DF3E39C0}.AppStore|AnyCPU.ActiveCfg = Debug|Any CPU
		{C65008EE-9F2A-42F2-A3CE-4013DF3E39C0}.AppStore|AnyCPU.Build.0 = Debug|Any CPU
		{C65008EE-9F2A-42F2-A3CE-4013DF3E39C0}.AppStore|ARM.ActiveCfg = Debug|Any CPU
		{C65008EE-9F2A-42F2-A3CE-4013DF3E39C0}.AppStore|ARM.Build.0 = Debug|Any CPU
		{C65008EE-9F2A-42F2-A3CE-4013DF3E39C0}.AppStore|iPhone.ActiveCfg = Debug|Any CPU
		{C65008EE-9F2A-42F2-A3CE-4013DF3E39C0}.AppStore|iPhone.Build.0 = Debug|Any CPU
		{C65008EE-9F2A-42F2-A3CE-4013DF3E39C0}.AppStore|iPhoneSimulator.ActiveCfg = Debug|Any CPU
		{C65008EE-9F2A-42F2-A3CE-4013DF3E39C0}.AppStore|iPhoneSimulator.Build.0 = Debug|Any CPU
		{C65008EE-9F2A-42F2-A3CE-4013DF3E39C0}.AppStore|x64.ActiveCfg = Debug|Any CPU
		{C65008EE-9F2A-42F2-A3CE-4013DF3E39C0}.AppStore|x64.Build.0 = Debug|Any CPU
		{C65008EE-9F2A-42F2-A3CE-4013DF3E39C0}.AppStore|x86.ActiveCfg = Debug|Any CPU
		{C65008EE-9F2A-42F2-A3CE-4013DF3E39C0}.AppStore|x86.Build.0 = Debug|Any CPU
		{C65008EE-9F2A-42F2-A3CE-4013DF3E39C0}.Debug|AnyCPU.ActiveCfg = Debug|Any CPU
		{C65008EE-9F2A-42F2-A3CE-4013DF3E39C0}.Debug|AnyCPU.Build.0 = Debug|Any CPU
		{C65008EE-9F2A-42F2-A3CE-4013DF3E39C0}.Debug|ARM.ActiveCfg = Debug|Any CPU
		{C65008EE-9F2A-42F2-A3CE-4013DF3E39C0}.Debug|ARM.Build.0 = Debug|Any CPU
		{C65008EE-9F2A-42F2-A3CE-4013DF3E39C0}.Debug|iPhone.ActiveCfg = Debug|Any CPU
		{C65008EE-9F2A-42F2-A3CE-4013DF3E39C0}.Debug|iPhone.Build.0 = Debug|Any CPU
		{C65008EE-9F2A-42F2-A3CE-4013DF3E39C0}.Debug|iPhoneSimulator.ActiveCfg = Debug|Any CPU
		{C65008EE-9F2A-42F2-A3CE-4013DF3E39C0}.Debug|iPhoneSimulator.Build.0 = Debug|Any CPU
		{C65008EE-9F2A-42F2-A3CE-4013DF3E39C0}.Debug|x64.ActiveCfg = Debug|Any CPU
		{C65008EE-9F2A-42F2-A3CE-4013DF3E39C0}.Debug|x64.Build.0 = Debug|Any CPU
		{C65008EE-9F2A-42F2-A3CE-4013DF3E39C0}.Debug|x86.ActiveCfg = Debug|Any CPU
		{C65008EE-9F2A-42F2-A3CE-4013DF3E39C0}.Debug|x86.Build.0 = Debug|Any CPU
		{C65008EE-9F2A-42F2-A3CE-4013DF3E39C0}.Release|AnyCPU.ActiveCfg = Release|Any CPU
		{C65008EE-9F2A-42F2-A3CE-4013DF3E39C0}.Release|AnyCPU.Build.0 = Release|Any CPU
		{C65008EE-9F2A-42F2-A3CE-4013DF3E39C0}.Release|ARM.ActiveCfg = Release|Any CPU
		{C65008EE-9F2A-42F2-A3CE-4013DF3E39C0}.Release|ARM.Build.0 = Release|Any CPU
		{C65008EE-9F2A-42F2-A3CE-4013DF3E39C0}.Release|iPhone.ActiveCfg = Release|Any CPU
		{C65008EE-9F2A-42F2-A3CE-4013DF3E39C0}.Release|iPhone.Build.0 = Release|Any CPU
		{C65008EE-9F2A-42F2-A3CE-4013DF3E39C0}.Release|iPhoneSimulator.ActiveCfg = Release|Any CPU
		{C65008EE-9F2A-42F2-A3CE-4013DF3E39C0}.Release|iPhoneSimulator.Build.0 = Release|Any CPU
		{C65008EE-9F2A-42F2-A3CE-4013DF3E39C0}.Release|x64.ActiveCfg = Release|Any CPU
		{C65008EE-9F2A-42F2-A3CE-4013DF3E39C0}.Release|x64.Build.0 = Release|Any CPU
		{C65008EE-9F2A-42F2-A3CE-4013DF3E39C0}.Release|x86.ActiveCfg = Release|Any CPU
		{C65008EE-9F2A-42F2-A3CE-4013DF3E39C0}.Release|x86.Build.0 = Release|Any CPU
		{AE9B1ED2-858E-4F71-A340-124A4A522E15}.Ad-Hoc|AnyCPU.ActiveCfg = Debug|Any CPU
		{AE9B1ED2-858E-4F71-A340-124A4A522E15}.Ad-Hoc|AnyCPU.Build.0 = Debug|Any CPU
		{AE9B1ED2-858E-4F71-A340-124A4A522E15}.Ad-Hoc|ARM.ActiveCfg = Debug|Any CPU
		{AE9B1ED2-858E-4F71-A340-124A4A522E15}.Ad-Hoc|ARM.Build.0 = Debug|Any CPU
		{AE9B1ED2-858E-4F71-A340-124A4A522E15}.Ad-Hoc|iPhone.ActiveCfg = Debug|Any CPU
		{AE9B1ED2-858E-4F71-A340-124A4A522E15}.Ad-Hoc|iPhone.Build.0 = Debug|Any CPU
		{AE9B1ED2-858E-4F71-A340-124A4A522E15}.Ad-Hoc|iPhoneSimulator.ActiveCfg = Debug|Any CPU
		{AE9B1ED2-858E-4F71-A340-124A4A522E15}.Ad-Hoc|iPhoneSimulator.Build.0 = Debug|Any CPU
		{AE9B1ED2-858E-4F71-A340-124A4A522E15}.Ad-Hoc|x64.ActiveCfg = Debug|Any CPU
		{AE9B1ED2-858E-4F71-A340-124A4A522E15}.Ad-Hoc|x64.Build.0 = Debug|Any CPU
		{AE9B1ED2-858E-4F71-A340-124A4A522E15}.Ad-Hoc|x86.ActiveCfg = Debug|Any CPU
		{AE9B1ED2-858E-4F71-A340-124A4A522E15}.Ad-Hoc|x86.Build.0 = Debug|Any CPU
		{AE9B1ED2-858E-4F71-A340-124A4A522E15}.AppStore|AnyCPU.ActiveCfg = Debug|Any CPU
		{AE9B1ED2-858E-4F71-A340-124A4A522E15}.AppStore|AnyCPU.Build.0 = Debug|Any CPU
		{AE9B1ED2-858E-4F71-A340-124A4A522E15}.AppStore|ARM.ActiveCfg = Debug|Any CPU
		{AE9B1ED2-858E-4F71-A340-124A4A522E15}.AppStore|ARM.Build.0 = Debug|Any CPU
		{AE9B1ED2-858E-4F71-A340-124A4A522E15}.AppStore|iPhone.ActiveCfg = Debug|Any CPU
		{AE9B1ED2-858E-4F71-A340-124A4A522E15}.AppStore|iPhone.Build.0 = Debug|Any CPU
		{AE9B1ED2-858E-4F71-A340-124A4A522E15}.AppStore|iPhoneSimulator.ActiveCfg = Debug|Any CPU
		{AE9B1ED2-858E-4F71-A340-124A4A522E15}.AppStore|iPhoneSimulator.Build.0 = Debug|Any CPU
		{AE9B1ED2-858E-4F71-A340-124A4A522E15}.AppStore|x64.ActiveCfg = Debug|Any CPU
		{AE9B1ED2-858E-4F71-A340-124A4A522E15}.AppStore|x64.Build.0 = Debug|Any CPU
		{AE9B1ED2-858E-4F71-A340-124A4A522E15}.AppStore|x86.ActiveCfg = Debug|Any CPU
		{AE9B1ED2-858E-4F71-A340-124A4A522E15}.AppStore|x86.Build.0 = Debug|Any CPU
		{AE9B1ED2-858E-4F71-A340-124A4A522E15}.Debug|AnyCPU.ActiveCfg = Debug|Any CPU
		{AE9B1ED2-858E-4F71-A340-124A4A522E15}.Debug|AnyCPU.Build.0 = Debug|Any CPU
		{AE9B1ED2-858E-4F71-A340-124A4A522E15}.Debug|ARM.ActiveCfg = Debug|Any CPU
		{AE9B1ED2-858E-4F71-A340-124A4A522E15}.Debug|ARM.Build.0 = Debug|Any CPU
		{AE9B1ED2-858E-4F71-A340-124A4A522E15}.Debug|iPhone.ActiveCfg = Debug|Any CPU
		{AE9B1ED2-858E-4F71-A340-124A4A522E15}.Debug|iPhone.Build.0 = Debug|Any CPU
		{AE9B1ED2-858E-4F71-A340-124A4A522E15}.Debug|iPhoneSimulator.ActiveCfg = Debug|Any CPU
		{AE9B1ED2-858E-4F71-A340-124A4A522E15}.Debug|iPhoneSimulator.Build.0 = Debug|Any CPU
		{AE9B1ED2-858E-4F71-A340-124A4A522E15}.Debug|x64.ActiveCfg = Debug|Any CPU
		{AE9B1ED2-858E-4F71-A340-124A4A522E15}.Debug|x64.Build.0 = Debug|Any CPU
		{AE9B1ED2-858E-4F71-A340-124A4A522E15}.Debug|x86.ActiveCfg = Debug|Any CPU
		{AE9B1ED2-858E-4F71-A340-124A4A522E15}.Debug|x86.Build.0 = Debug|Any CPU
		{AE9B1ED2-858E-4F71-A340-124A4A522E15}.Release|AnyCPU.ActiveCfg = Release|Any CPU
		{AE9B1ED2-858E-4F71-A340-124A4A522E15}.Release|AnyCPU.Build.0 = Release|Any CPU
		{AE9B1ED2-858E-4F71-A340-124A4A522E15}.Release|ARM.ActiveCfg = Release|Any CPU
		{AE9B1ED2-858E-4F71-A340-124A4A522E15}.Release|ARM.Build.0 = Release|Any CPU
		{AE9B1ED2-858E-4F71-A340-124A4A522E15}.Release|iPhone.ActiveCfg = Release|Any CPU
		{AE9B1ED2-858E-4F71-A340-124A4A522E15}.Release|iPhone.Build.0 = Release|Any CPU
		{AE9B1ED2-858E-4F71-A340-124A4A522E15}.Release|iPhoneSimulator.ActiveCfg = Release|Any CPU
		{AE9B1ED2-858E-4F71-A340-124A4A522E15}.Release|iPhoneSimulator.Build.0 = Release|Any CPU
		{AE9B1ED2-858E-4F71-A340-124A4A522E15}.Release|x64.ActiveCfg = Release|Any CPU
		{AE9B1ED2-858E-4F71-A340-124A4A522E15}.Release|x64.Build.0 = Release|Any CPU
		{AE9B1ED2-858E-4F71-A340-124A4A522E15}.Release|x86.ActiveCfg = Release|Any CPU
		{AE9B1ED2-858E-4F71-A340-124A4A522E15}.Release|x86.Build.0 = Release|Any CPU
	EndGlobalSection
	GlobalSection(SolutionProperties) = preSolution
		HideSolutionNode = FALSE
	EndGlobalSection
	GlobalSection(NestedProjects) = preSolution
		{2F7F3519-EB2F-439F-8628-3ADD24A537E0} = {969DB691-49FB-4785-98F4-2112CC1BA7C4}
		{818DE3FA-9F8A-4802-96D0-564497B59B21} = {969DB691-49FB-4785-98F4-2112CC1BA7C4}
		{71353A7E-BFA9-4680-A345-EA19BF69F60E} = {969DB691-49FB-4785-98F4-2112CC1BA7C4}
		{C65008EE-9F2A-42F2-A3CE-4013DF3E39C0} = {7112BFB4-955E-4D4B-8644-0AB75A433F57}
		{AE9B1ED2-858E-4F71-A340-124A4A522E15} = {7112BFB4-955E-4D4B-8644-0AB75A433F57}
	EndGlobalSection
	GlobalSection(ExtensibilityGlobals) = postSolution
		SolutionGuid = {22D684C3-0BD3-4D8A-AB23-748FB5527F6F}
	EndGlobalSection
	GlobalSection(Performance) = preSolution
		HasPerformanceSessions = true
	EndGlobalSection
	GlobalSection(MonoDevelopProperties) = preSolution
		Policies = $0
		$0.DotNetNamingPolicy = $1
		$1.DirectoryNamespaceAssociation = None
		$1.ResourceNamePolicy = FileFormatDefault
		$0.StandardHeader = $2
		$2.Text = 
		$2.IncludeInNewFiles = True
		$0.NameConventionPolicy = $3
		$3.Rules = $4
		$4.NamingRule = $5
		$5.AffectedEntity = None
		$5.VisibilityMask = VisibilityMask
		$5.NamingStyle = None
		$5.IncludeInstanceMembers = True
		$5.IncludeStaticEntities = True
	EndGlobalSection
EndGlobal
